
Microsoft Visual Studio Solution File, Format Version 12.00
# Visual Studio Version 16
VisualStudioVersion = 16.0.30320.27
MinimumVisualStudioVersion = 10.0.40219.1
Project("{2150E333-8FDC-42A3-9474-1A3956D46DE8}") = "DLL", "DLL", "{A498582D-4CA8-42B3-993A-83ABC9714432}"
	ProjectSection(SolutionItems) = preProject
		DLL\AForge.dll = DLL\AForge.dll
		DLL\AForge.Imaging.dll = DLL\AForge.Imaging.dll
		DLL\AForge.Math.dll = DLL\AForge.Math.dll
		..\..\..\..\VTC\gameportaltemp\code\packages\DLLs\AjaxUploader.lic = ..\..\..\..\VTC\gameportaltemp\code\packages\DLLs\AjaxUploader.lic
		..\..\..\..\VTC\gameportaltemp\code\packages\DLLs\CuteWebUI.AjaxUploader.dll = ..\..\..\..\VTC\gameportaltemp\code\packages\DLLs\CuteWebUI.AjaxUploader.dll
		DLL\FlashUpload.dll = DLL\FlashUpload.dll
		DLL\HtmlAgilityPack.dll = DLL\HtmlAgilityPack.dll
		DLL\ImageResizer.dll = DLL\ImageResizer.dll
		DLL\ImageResizer.Plugins.DiskCache.dll = DLL\ImageResizer.Plugins.DiskCache.dll
		DLL\Microsoft.Practices.EnterpriseLibrary.Caching.dll = DLL\Microsoft.Practices.EnterpriseLibrary.Caching.dll
		DLL\Microsoft.Practices.EnterpriseLibrary.Common.dll = DLL\Microsoft.Practices.EnterpriseLibrary.Common.dll
		DLL\Microsoft.Practices.EnterpriseLibrary.ExceptionHandling.dll = DLL\Microsoft.Practices.EnterpriseLibrary.ExceptionHandling.dll
		DLL\Microsoft.Practices.EnterpriseLibrary.ExceptionHandling.Logging.dll = DLL\Microsoft.Practices.EnterpriseLibrary.ExceptionHandling.Logging.dll
		DLL\Microsoft.Practices.EnterpriseLibrary.Logging.dll = DLL\Microsoft.Practices.EnterpriseLibrary.Logging.dll
		DLL\Microsoft.Practices.EnterpriseLibrary.Security.Cryptography.dll = DLL\Microsoft.Practices.EnterpriseLibrary.Security.Cryptography.dll
		DLL\Microsoft.Practices.ObjectBuilder2.dll = DLL\Microsoft.Practices.ObjectBuilder2.dll
		DLL\Microsoft.Practices.ServiceLocation.dll = DLL\Microsoft.Practices.ServiceLocation.dll
		DLL\Microsoft.Practices.Unity.dll = DLL\Microsoft.Practices.Unity.dll
		DLL\Microsoft.Practices.Unity.Interception.dll = DLL\Microsoft.Practices.Unity.Interception.dll
		DLL\NLog.dll = DLL\NLog.dll
		DLL\PhotoLibs.dll = DLL\PhotoLibs.dll
		DLL\Telerik.Web.UI.dll = DLL\Telerik.Web.UI.dll
		DLL\UrlRewritingNet.UrlRewriter.dll = DLL\UrlRewritingNet.UrlRewriter.dll
	EndProjectSection
EndProject
Project("{FAE04EC0-301F-11D3-BF4B-00C04F79EFBC}") = "DATA", "DATA\DATA.csproj", "{BF2E6496-2BF5-4EC3-BBA0-98EA13622A8A}"
EndProject
Project("{FAE04EC0-301F-11D3-BF4B-00C04F79EFBC}") = "BIZ", "BIZ\BIZ.csproj", "{2CC3082E-5639-4D4D-88B9-206A9F799CAC}"
EndProject
Project("{FAE04EC0-301F-11D3-BF4B-00C04F79EFBC}") = "UTILS", "UTILS\UTILS.csproj", "{3C20AE05-6330-4353-A9FA-5D56CEA3CBF2}"
EndProject
Project("{FAE04EC0-301F-11D3-BF4B-00C04F79EFBC}") = "WebMVC4", "WebMVC4\WebMVC4.csproj", "{BC7FFFBD-9C85-41A6-B3F9-992C395D0DE3}"
EndProject
Project("{FAE04EC0-301F-11D3-BF4B-00C04F79EFBC}") = "LibGraph", "LibGraph\LibGraph.csproj", "{373AB0BF-75D2-4DE5-A2E3-320DBF2F6FDE}"
EndProject
Global
	GlobalSection(SolutionConfigurationPlatforms) = preSolution
		Debug|Any CPU = Debug|Any CPU
		Release|Any CPU = Release|Any CPU
		Trial|Any CPU = Trial|Any CPU
	EndGlobalSection
	GlobalSection(ProjectConfigurationPlatforms) = postSolution
		{BF2E6496-2BF5-4EC3-BBA0-98EA13622A8A}.Debug|Any CPU.ActiveCfg = Debug|Any CPU
		{BF2E6496-2BF5-4EC3-BBA0-98EA13622A8A}.Debug|Any CPU.Build.0 = Debug|Any CPU
		{BF2E6496-2BF5-4EC3-BBA0-98EA13622A8A}.Release|Any CPU.ActiveCfg = Release|Any CPU
		{BF2E6496-2BF5-4EC3-BBA0-98EA13622A8A}.Release|Any CPU.Build.0 = Release|Any CPU
		{BF2E6496-2BF5-4EC3-BBA0-98EA13622A8A}.Trial|Any CPU.ActiveCfg = Release|Any CPU
		{BF2E6496-2BF5-4EC3-BBA0-98EA13622A8A}.Trial|Any CPU.Build.0 = Release|Any CPU
		{2CC3082E-5639-4D4D-88B9-206A9F799CAC}.Debug|Any CPU.ActiveCfg = Debug|Any CPU
		{2CC3082E-5639-4D4D-88B9-206A9F799CAC}.Debug|Any CPU.Build.0 = Debug|Any CPU
		{2CC3082E-5639-4D4D-88B9-206A9F799CAC}.Release|Any CPU.ActiveCfg = Release|Any CPU
		{2CC3082E-5639-4D4D-88B9-206A9F799CAC}.Release|Any CPU.Build.0 = Release|Any CPU
		{2CC3082E-5639-4D4D-88B9-206A9F799CAC}.Trial|Any CPU.ActiveCfg = Release|Any CPU
		{2CC3082E-5639-4D4D-88B9-206A9F799CAC}.Trial|Any CPU.Build.0 = Release|Any CPU
		{3C20AE05-6330-4353-A9FA-5D56CEA3CBF2}.Debug|Any CPU.ActiveCfg = Debug|Any CPU
		{3C20AE05-6330-4353-A9FA-5D56CEA3CBF2}.Debug|Any CPU.Build.0 = Debug|Any CPU
		{3C20AE05-6330-4353-A9FA-5D56CEA3CBF2}.Release|Any CPU.ActiveCfg = Release|Any CPU
		{3C20AE05-6330-4353-A9FA-5D56CEA3CBF2}.Release|Any CPU.Build.0 = Release|Any CPU
		{3C20AE05-6330-4353-A9FA-5D56CEA3CBF2}.Trial|Any CPU.ActiveCfg = Release|Any CPU
		{3C20AE05-6330-4353-A9FA-5D56CEA3CBF2}.Trial|Any CPU.Build.0 = Release|Any CPU
		{BC7FFFBD-9C85-41A6-B3F9-992C395D0DE3}.Debug|Any CPU.ActiveCfg = Debug|Any CPU
		{BC7FFFBD-9C85-41A6-B3F9-992C395D0DE3}.Debug|Any CPU.Build.0 = Debug|Any CPU
		{BC7FFFBD-9C85-41A6-B3F9-992C395D0DE3}.Release|Any CPU.ActiveCfg = Release|Any CPU
		{BC7FFFBD-9C85-41A6-B3F9-992C395D0DE3}.Release|Any CPU.Build.0 = Release|Any CPU
		{BC7FFFBD-9C85-41A6-B3F9-992C395D0DE3}.Trial|Any CPU.ActiveCfg = Release|Any CPU
		{BC7FFFBD-9C85-41A6-B3F9-992C395D0DE3}.Trial|Any CPU.Build.0 = Release|Any CPU
		{373AB0BF-75D2-4DE5-A2E3-320DBF2F6FDE}.Debug|Any CPU.ActiveCfg = Debug|Any CPU
		{373AB0BF-75D2-4DE5-A2E3-320DBF2F6FDE}.Debug|Any CPU.Build.0 = Debug|Any CPU
		{373AB0BF-75D2-4DE5-A2E3-320DBF2F6FDE}.Release|Any CPU.ActiveCfg = Release|Any CPU
		{373AB0BF-75D2-4DE5-A2E3-320DBF2F6FDE}.Release|Any CPU.Build.0 = Release|Any CPU
		{373AB0BF-75D2-4DE5-A2E3-320DBF2F6FDE}.Trial|Any CPU.ActiveCfg = Release|Any CPU
		{373AB0BF-75D2-4DE5-A2E3-320DBF2F6FDE}.Trial|Any CPU.Build.0 = Release|Any CPU
	EndGlobalSection
	GlobalSection(SolutionProperties) = preSolution
		HideSolutionNode = FALSE
	EndGlobalSection
	GlobalSection(ExtensibilityGlobals) = postSolution
		SolutionGuid = {686D8829-F77B-4F01-BA43-1A177D28D40D}
	EndGlobalSection
EndGlobal
